
Microsoft Visual Studio Solution File, Format Version 12.00
# Visual Studio Express 2013 for Windows Desktop
VisualStudioVersion = 12.0.21005.1
MinimumVisualStudioVersion = 10.0.40219.1
Project("{8BC9CEB8-8B4A-11D0-8D11-00A0C91BC942}") = "SeagullGame", "Intermediate\ProjectFiles\SeagullGame.vcxproj", "{852C6702-9E3D-4E2E-8A2A-E47F7DF7D13E}"
EndProject
Global
	GlobalSection(SolutionConfigurationPlatforms) = preSolution
		DebugGame Editor|Android = DebugGame Editor|Android
		DebugGame Editor|Windows = DebugGame Editor|Windows
		DebugGame|Android = DebugGame|Android
		DebugGame|Windows = DebugGame|Windows
		Development Editor|Android = Development Editor|Android
		Development Editor|Windows = Development Editor|Windows
		Development|Android = Development|Android
		Development|Windows = Development|Windows
		Shipping|Android = Shipping|Android
		Shipping|Windows = Shipping|Windows
	EndGlobalSection
	GlobalSection(ProjectConfigurationPlatforms) = postSolution
		{852C6702-9E3D-4E2E-8A2A-E47F7DF7D13E}.DebugGame Editor|Android.ActiveCfg = DebugGame_RocketGame|Win32
		{852C6702-9E3D-4E2E-8A2A-E47F7DF7D13E}.DebugGame Editor|Windows.ActiveCfg = DebugGame_Editor|x64
		{852C6702-9E3D-4E2E-8A2A-E47F7DF7D13E}.DebugGame Editor|Windows.Build.0 = DebugGame_Editor|x64
		{852C6702-9E3D-4E2E-8A2A-E47F7DF7D13E}.DebugGame|Android.ActiveCfg = Android_DebugGame_RocketGame|Win32
		{852C6702-9E3D-4E2E-8A2A-E47F7DF7D13E}.DebugGame|Android.Build.0 = Android_DebugGame_RocketGame|Win32
		{852C6702-9E3D-4E2E-8A2A-E47F7DF7D13E}.DebugGame|Windows.ActiveCfg = DebugGame_RocketGame|x64
		{852C6702-9E3D-4E2E-8A2A-E47F7DF7D13E}.DebugGame|Windows.Build.0 = DebugGame_RocketGame|x64
		{852C6702-9E3D-4E2E-8A2A-E47F7DF7D13E}.Development Editor|Android.ActiveCfg = Development_RocketGame|Win32
		{852C6702-9E3D-4E2E-8A2A-E47F7DF7D13E}.Development Editor|Windows.ActiveCfg = Development_Editor|x64
		{852C6702-9E3D-4E2E-8A2A-E47F7DF7D13E}.Development Editor|Windows.Build.0 = Development_Editor|x64
		{852C6702-9E3D-4E2E-8A2A-E47F7DF7D13E}.Development|Android.ActiveCfg = Android_Development_RocketGame|Win32
		{852C6702-9E3D-4E2E-8A2A-E47F7DF7D13E}.Development|Android.Build.0 = Android_Development_RocketGame|Win32
		{852C6702-9E3D-4E2E-8A2A-E47F7DF7D13E}.Development|Windows.ActiveCfg = Development_RocketGame|x64
		{852C6702-9E3D-4E2E-8A2A-E47F7DF7D13E}.Development|Windows.Build.0 = Development_RocketGame|x64
		{852C6702-9E3D-4E2E-8A2A-E47F7DF7D13E}.Shipping|Android.ActiveCfg = Android_Shipping_RocketGame|Win32
		{852C6702-9E3D-4E2E-8A2A-E47F7DF7D13E}.Shipping|Android.Build.0 = Android_Shipping_RocketGame|Win32
		{852C6702-9E3D-4E2E-8A2A-E47F7DF7D13E}.Shipping|Windows.ActiveCfg = Shipping_RocketGame|Win32
		{852C6702-9E3D-4E2E-8A2A-E47F7DF7D13E}.Shipping|Windows.Build.0 = Shipping_RocketGame|Win32
	EndGlobalSection
	GlobalSection(SolutionProperties) = preSolution
		HideSolutionNode = FALSE
	EndGlobalSection
EndGlobal
